<?xml version="1.0" encoding="utf-8"?>
<Project ToolsVersion="4.0" xmlns="http://schemas.microsoft.com/developer/msbuild/2003">
  <ItemGroup>
    <ClCompile Include="FT_gl_demo.cpp" />
    <ClCompile Include="stdafx.cpp" />
    <ClCompile Include="FTGL_src\FTFont\FTBitmapFont.cpp">
      <Filter>FTGL_src\FTFont</Filter>
    </ClCompile>
    <ClCompile Include="FTGL_src\FTFont\FTBufferFont.cpp">
      <Filter>FTGL_src\FTFont</Filter>
    </ClCompile>
    <ClCompile Include="FTGL_src\FTFont\FTExtrudeFont.cpp">
      <Filter>FTGL_src\FTFont</Filter>
    </ClCompile>
    <ClCompile Include="FTGL_src\FTFont\FTFont.cpp">
      <Filter>FTGL_src\FTFont</Filter>
    </ClCompile>
    <ClCompile Include="FTGL_src\FTFont\FTFontGlue.cpp">
      <Filter>FTGL_src\FTFont</Filter>
    </ClCompile>
    <ClCompile Include="FTGL_src\FTFont\FTOutlineFont.cpp">
      <Filter>FTGL_src\FTFont</Filter>
    </ClCompile>
    <ClCompile Include="FTGL_src\FTFont\FTPixmapFont.cpp">
      <Filter>FTGL_src\FTFont</Filter>
    </ClCompile>
    <ClCompile Include="FTGL_src\FTFont\FTPolygonFont.cpp">
      <Filter>FTGL_src\FTFont</Filter>
    </ClCompile>
    <ClCompile Include="FTGL_src\FTFont\FTTextureFont.cpp">
      <Filter>FTGL_src\FTFont</Filter>
    </ClCompile>
    <ClCompile Include="FTGL_src\FTGlyph\FTBitmapGlyph.cpp">
      <Filter>FTGL_src\FTGlyph</Filter>
    </ClCompile>
    <ClCompile Include="FTGL_src\FTGlyph\FTBufferGlyph.cpp">
      <Filter>FTGL_src\FTGlyph</Filter>
    </ClCompile>
    <ClCompile Include="FTGL_src\FTGlyph\FTExtrudeGlyph.cpp">
      <Filter>FTGL_src\FTGlyph</Filter>
    </ClCompile>
    <ClCompile Include="FTGL_src\FTGlyph\FTGlyph.cpp">
      <Filter>FTGL_src\FTGlyph</Filter>
    </ClCompile>
    <ClCompile Include="FTGL_src\FTGlyph\FTGlyphGlue.cpp">
      <Filter>FTGL_src\FTGlyph</Filter>
    </ClCompile>
    <ClCompile Include="FTGL_src\FTGlyph\FTOutlineGlyph.cpp">
      <Filter>FTGL_src\FTGlyph</Filter>
    </ClCompile>
    <ClCompile Include="FTGL_src\FTGlyph\FTPixmapGlyph.cpp">
      <Filter>FTGL_src\FTGlyph</Filter>
    </ClCompile>
    <ClCompile Include="FTGL_src\FTGlyph\FTPolygonGlyph.cpp">
      <Filter>FTGL_src\FTGlyph</Filter>
    </ClCompile>
    <ClCompile Include="FTGL_src\FTGlyph\FTTextureGlyph.cpp">
      <Filter>FTGL_src\FTGlyph</Filter>
    </ClCompile>
    <ClCompile Include="FTGL_src\FTLayout\FTLayout.cpp">
      <Filter>FTGL_src\FTLayout</Filter>
    </ClCompile>
    <ClCompile Include="FTGL_src\FTLayout\FTLayoutGlue.cpp">
      <Filter>FTGL_src\FTLayout</Filter>
    </ClCompile>
    <ClCompile Include="FTGL_src\FTLayout\FTSimpleLayout.cpp">
      <Filter>FTGL_src\FTLayout</Filter>
    </ClCompile>
    <ClCompile Include="FTGL_src\FTBuffer.cpp">
      <Filter>FTGL_src</Filter>
    </ClCompile>
    <ClCompile Include="FTGL_src\FTCharmap.cpp">
      <Filter>FTGL_src</Filter>
    </ClCompile>
    <ClCompile Include="FTGL_src\FTContour.cpp">
      <Filter>FTGL_src</Filter>
    </ClCompile>
    <ClCompile Include="FTGL_src\FTFace.cpp">
      <Filter>FTGL_src</Filter>
    </ClCompile>
    <ClCompile Include="FTGL_src\FTGlyphContainer.cpp">
      <Filter>FTGL_src</Filter>
    </ClCompile>
    <ClCompile Include="FTGL_src\FTLibrary.cpp">
      <Filter>FTGL_src</Filter>
    </ClCompile>
    <ClCompile Include="FTGL_src\FTPoint.cpp">
      <Filter>FTGL_src</Filter>
    </ClCompile>
    <ClCompile Include="FTGL_src\FTSize.cpp">
      <Filter>FTGL_src</Filter>
    </ClCompile>
    <ClCompile Include="FTGL_src\FTVectoriser.cpp">
      <Filter>FTGL_src</Filter>
    </ClCompile>
    <ClCompile Include="freetype\src\base\basepic.c">
      <Filter>freetype\src\base</Filter>
    </ClCompile>
    <ClCompile Include="freetype\src\base\ftadvanc.c">
      <Filter>freetype\src\base</Filter>
    </ClCompile>
    <ClCompile Include="freetype\src\base\ftapi.c">
      <Filter>freetype\src\base</Filter>
    </ClCompile>
    <ClCompile Include="freetype\src\base\ftbase.c">
      <Filter>freetype\src\base</Filter>
    </ClCompile>
    <ClCompile Include="freetype\src\base\ftbbox.c">
      <Filter>freetype\src\base</Filter>
    </ClCompile>
    <ClCompile Include="freetype\src\base\ftbdf.c">
      <Filter>freetype\src\base</Filter>
    </ClCompile>
    <ClCompile Include="freetype\src\base\ftbitmap.c">
      <Filter>freetype\src\base</Filter>
    </ClCompile>
    <ClCompile Include="freetype\src\base\ftcalc.c">
      <Filter>freetype\src\base</Filter>
    </ClCompile>
    <ClCompile Include="freetype\src\base\ftcid.c">
      <Filter>freetype\src\base</Filter>
    </ClCompile>
    <ClCompile Include="freetype\src\base\ftdbgmem.c">
      <Filter>freetype\src\base</Filter>
    </ClCompile>
    <ClCompile Include="freetype\src\base\ftdebug.c">
      <Filter>freetype\src\base</Filter>
    </ClCompile>
    <ClCompile Include="freetype\src\base\ftfntfmt.c">
      <Filter>freetype\src\base</Filter>
    </ClCompile>
    <ClCompile Include="freetype\src\base\ftfstype.c">
      <Filter>freetype\src\base</Filter>
    </ClCompile>
    <ClCompile Include="freetype\src\base\ftgasp.c">
      <Filter>freetype\src\base</Filter>
    </ClCompile>
    <ClCompile Include="freetype\src\base\ftgloadr.c">
      <Filter>freetype\src\base</Filter>
    </ClCompile>
    <ClCompile Include="freetype\src\base\ftglyph.c">
      <Filter>freetype\src\base</Filter>
    </ClCompile>
    <ClCompile Include="freetype\src\base\ftgxval.c">
      <Filter>freetype\src\base</Filter>
    </ClCompile>
    <ClCompile Include="freetype\src\base\ftinit.c">
      <Filter>freetype\src\base</Filter>
    </ClCompile>
    <ClCompile Include="freetype\src\base\ftlcdfil.c">
      <Filter>freetype\src\base</Filter>
    </ClCompile>
    <ClCompile Include="freetype\src\base\ftmac.c">
      <Filter>freetype\src\base</Filter>
    </ClCompile>
    <ClCompile Include="freetype\src\base\ftmm.c">
      <Filter>freetype\src\base</Filter>
    </ClCompile>
    <ClCompile Include="freetype\src\base\ftobjs.c">
      <Filter>freetype\src\base</Filter>
    </ClCompile>
    <ClCompile Include="freetype\src\base\ftotval.c">
      <Filter>freetype\src\base</Filter>
    </ClCompile>
    <ClCompile Include="freetype\src\base\ftoutln.c">
      <Filter>freetype\src\base</Filter>
    </ClCompile>
    <ClCompile Include="freetype\src\base\ftpatent.c">
      <Filter>freetype\src\base</Filter>
    </ClCompile>
    <ClCompile Include="freetype\src\base\ftpfr.c">
      <Filter>freetype\src\base</Filter>
    </ClCompile>
    <ClCompile Include="freetype\src\base\ftpic.c">
      <Filter>freetype\src\base</Filter>
    </ClCompile>
    <ClCompile Include="freetype\src\base\ftrfork.c">
      <Filter>freetype\src\base</Filter>
    </ClCompile>
    <ClCompile Include="freetype\src\base\ftsnames.c">
      <Filter>freetype\src\base</Filter>
    </ClCompile>
    <ClCompile Include="freetype\src\base\ftstream.c">
      <Filter>freetype\src\base</Filter>
    </ClCompile>
    <ClCompile Include="freetype\src\base\ftstroke.c">
      <Filter>freetype\src\base</Filter>
    </ClCompile>
    <ClCompile Include="freetype\src\base\ftsynth.c">
      <Filter>freetype\src\base</Filter>
    </ClCompile>
    <ClCompile Include="freetype\src\base\ftsystem.c">
      <Filter>freetype\src\base</Filter>
    </ClCompile>
    <ClCompile Include="freetype\src\base\fttrigon.c">
      <Filter>freetype\src\base</Filter>
    </ClCompile>
    <ClCompile Include="freetype\src\base\fttype1.c">
      <Filter>freetype\src\base</Filter>
    </ClCompile>
    <ClCompile Include="freetype\src\base\ftutil.c">
      <Filter>freetype\src\base</Filter>
    </ClCompile>
    <ClCompile Include="freetype\src\base\ftwinfnt.c">
      <Filter>freetype\src\base</Filter>
    </ClCompile>
    <ClCompile Include="freetype\src\base\md5.c">
      <Filter>freetype\src\base</Filter>
    </ClCompile>
  </ItemGroup>
  <ItemGroup>
    <ClInclude Include="stdafx.h" />
    <ClInclude Include="targetver.h" />
    <ClInclude Include="FTGL_src\FTFont\FTBitmapFontImpl.h">
      <Filter>FTGL_src\FTFont</Filter>
    </ClInclude>
    <ClInclude Include="FTGL_src\FTFont\FTBufferFontImpl.h">
      <Filter>FTGL_src\FTFont</Filter>
    </ClInclude>
    <ClInclude Include="FTGL_src\FTFont\FTExtrudeFontImpl.h">
      <Filter>FTGL_src\FTFont</Filter>
    </ClInclude>
    <ClInclude Include="FTGL_src\FTFont\FTFontImpl.h">
      <Filter>FTGL_src\FTFont</Filter>
    </ClInclude>
    <ClInclude Include="FTGL_src\FTFont\FTOutlineFontImpl.h">
      <Filter>FTGL_src\FTFont</Filter>
    </ClInclude>
    <ClInclude Include="FTGL_src\FTFont\FTPixmapFontImpl.h">
      <Filter>FTGL_src\FTFont</Filter>
    </ClInclude>
    <ClInclude Include="FTGL_src\FTFont\FTPolygonFontImpl.h">
      <Filter>FTGL_src\FTFont</Filter>
    </ClInclude>
    <ClInclude Include="FTGL_src\FTFont\FTTextureFontImpl.h">
      <Filter>FTGL_src\FTFont</Filter>
    </ClInclude>
    <ClInclude Include="FTGL_src\FTGL\FTBBox.h">
      <Filter>FTGL_src\FTGL</Filter>
    </ClInclude>
    <ClInclude Include="FTGL_src\FTGL\FTBitmapGlyph.h">
      <Filter>FTGL_src\FTGL</Filter>
    </ClInclude>
    <ClInclude Include="FTGL_src\FTGL\FTBuffer.h">
      <Filter>FTGL_src\FTGL</Filter>
    </ClInclude>
    <ClInclude Include="FTGL_src\FTGL\FTBufferFont.h">
      <Filter>FTGL_src\FTGL</Filter>
    </ClInclude>
    <ClInclude Include="FTGL_src\FTGL\FTBufferGlyph.h">
      <Filter>FTGL_src\FTGL</Filter>
    </ClInclude>
    <ClInclude Include="FTGL_src\FTGL\FTExtrdGlyph.h">
      <Filter>FTGL_src\FTGL</Filter>
    </ClInclude>
    <ClInclude Include="FTGL_src\FTGL\FTFont.h">
      <Filter>FTGL_src\FTGL</Filter>
    </ClInclude>
    <ClInclude Include="FTGL_src\FTGL\ftgl.h">
      <Filter>FTGL_src\FTGL</Filter>
    </ClInclude>
    <ClInclude Include="FTGL_src\FTGL\FTGLBitmapFont.h">
      <Filter>FTGL_src\FTGL</Filter>
    </ClInclude>
    <ClInclude Include="FTGL_src\FTGL\FTGLExtrdFont.h">
      <Filter>FTGL_src\FTGL</Filter>
    </ClInclude>
    <ClInclude Include="FTGL_src\FTGL\FTGLOutlineFont.h">
      <Filter>FTGL_src\FTGL</Filter>
    </ClInclude>
    <ClInclude Include="FTGL_src\FTGL\FTGLPixmapFont.h">
      <Filter>FTGL_src\FTGL</Filter>
    </ClInclude>
    <ClInclude Include="FTGL_src\FTGL\FTGLPolygonFont.h">
      <Filter>FTGL_src\FTGL</Filter>
    </ClInclude>
    <ClInclude Include="FTGL_src\FTGL\FTGLTextureFont.h">
      <Filter>FTGL_src\FTGL</Filter>
    </ClInclude>
    <ClInclude Include="FTGL_src\FTGL\FTGlyph.h">
      <Filter>FTGL_src\FTGL</Filter>
    </ClInclude>
    <ClInclude Include="FTGL_src\FTGL\FTLayout.h">
      <Filter>FTGL_src\FTGL</Filter>
    </ClInclude>
    <ClInclude Include="FTGL_src\FTGL\FTOutlineGlyph.h">
      <Filter>FTGL_src\FTGL</Filter>
    </ClInclude>
    <ClInclude Include="FTGL_src\FTGL\FTPixmapGlyph.h">
      <Filter>FTGL_src\FTGL</Filter>
    </ClInclude>
    <ClInclude Include="FTGL_src\FTGL\FTPoint.h">
      <Filter>FTGL_src\FTGL</Filter>
    </ClInclude>
    <ClInclude Include="FTGL_src\FTGL\FTPolyGlyph.h">
      <Filter>FTGL_src\FTGL</Filter>
    </ClInclude>
    <ClInclude Include="FTGL_src\FTGL\FTSimpleLayout.h">
      <Filter>FTGL_src\FTGL</Filter>
    </ClInclude>
    <ClInclude Include="FTGL_src\FTGL\FTTextureGlyph.h">
      <Filter>FTGL_src\FTGL</Filter>
    </ClInclude>
    <ClInclude Include="FTGL_src\FTGlyph\FTBitmapGlyphImpl.h">
      <Filter>FTGL_src\FTGlyph</Filter>
    </ClInclude>
    <ClInclude Include="FTGL_src\FTGlyph\FTBufferGlyphImpl.h">
      <Filter>FTGL_src\FTGlyph</Filter>
    </ClInclude>
    <ClInclude Include="FTGL_src\FTGlyph\FTExtrudeGlyphImpl.h">
      <Filter>FTGL_src\FTGlyph</Filter>
    </ClInclude>
    <ClInclude Include="FTGL_src\FTGlyph\FTGlyphImpl.h">
      <Filter>FTGL_src\FTGlyph</Filter>
    </ClInclude>
    <ClInclude Include="FTGL_src\FTGlyph\FTOutlineGlyphImpl.h">
      <Filter>FTGL_src\FTGlyph</Filter>
    </ClInclude>
    <ClInclude Include="FTGL_src\FTGlyph\FTPixmapGlyphImpl.h">
      <Filter>FTGL_src\FTGlyph</Filter>
    </ClInclude>
    <ClInclude Include="FTGL_src\FTGlyph\FTPolygonGlyphImpl.h">
      <Filter>FTGL_src\FTGlyph</Filter>
    </ClInclude>
    <ClInclude Include="FTGL_src\FTGlyph\FTTextureGlyphImpl.h">
      <Filter>FTGL_src\FTGlyph</Filter>
    </ClInclude>
    <ClInclude Include="FTGL_src\FTLayout\FTLayoutImpl.h">
      <Filter>FTGL_src\FTLayout</Filter>
    </ClInclude>
    <ClInclude Include="FTGL_src\FTLayout\FTSimpleLayoutImpl.h">
      <Filter>FTGL_src\FTLayout</Filter>
    </ClInclude>
    <ClInclude Include="FTGL_src\FTCharmap.h">
      <Filter>FTGL_src</Filter>
    </ClInclude>
    <ClInclude Include="FTGL_src\FTCharToGlyphIndexMap.h">
      <Filter>FTGL_src</Filter>
    </ClInclude>
    <ClInclude Include="FTGL_src\FTContour.h">
      <Filter>FTGL_src</Filter>
    </ClInclude>
    <ClInclude Include="FTGL_src\FTFace.h">
      <Filter>FTGL_src</Filter>
    </ClInclude>
    <ClInclude Include="FTGL_src\FTGlyphContainer.h">
      <Filter>FTGL_src</Filter>
    </ClInclude>
    <ClInclude Include="FTGL_src\FTInternals.h">
      <Filter>FTGL_src</Filter>
    </ClInclude>
    <ClInclude Include="FTGL_src\FTLibrary.h">
      <Filter>FTGL_src</Filter>
    </ClInclude>
    <ClInclude Include="FTGL_src\FTList.h">
      <Filter>FTGL_src</Filter>
    </ClInclude>
    <ClInclude Include="FTGL_src\FTSize.h">
      <Filter>FTGL_src</Filter>
    </ClInclude>
    <ClInclude Include="FTGL_src\FTUnicode.h">
      <Filter>FTGL_src</Filter>
    </ClInclude>
    <ClInclude Include="FTGL_src\FTVector.h">
      <Filter>FTGL_src</Filter>
    </ClInclude>
    <ClInclude Include="FTGL_src\FTVectoriser.h">
      <Filter>FTGL_src</Filter>
    </ClInclude>
    <ClInclude Include="freetype\include\ft2build.h">
      <Filter>freetype\include</Filter>
    </ClInclude>
    <ClInclude Include="freetype\include\freetype\config\ftconfig.h">
      <Filter>freetype\include\freetype\config</Filter>
    </ClInclude>
    <ClInclude Include="freetype\include\freetype\config\ftheader.h">
      <Filter>freetype\include\freetype\config</Filter>
    </ClInclude>
    <ClInclude Include="freetype\include\freetype\config\ftmodule.h">
      <Filter>freetype\include\freetype\config</Filter>
    </ClInclude>
    <ClInclude Include="freetype\include\freetype\config\ftoption.h">
      <Filter>freetype\include\freetype\config</Filter>
    </ClInclude>
    <ClInclude Include="freetype\include\freetype\config\ftstdlib.h">
      <Filter>freetype\include\freetype\config</Filter>
    </ClInclude>
    <ClInclude Include="freetype\include\freetype\internal\internal.h">
      <Filter>freetype\include\freetype\internal</Filter>
    </ClInclude>
    <ClInclude Include="freetype\include\freetype\internal\ftdebug.h">
      <Filter>freetype\include\freetype\internal</Filter>
    </ClInclude>
    <ClInclude Include="freetype\include\freetype\internal\services\svbdf.h">
      <Filter>freetype\include\freetype\internal\services</Filter>
    </ClInclude>
    <ClInclude Include="freetype\include\freetype\internal\services\svcid.h">
      <Filter>freetype\include\freetype\internal\services</Filter>
    </ClInclude>
    <ClInclude Include="freetype\include\freetype\internal\services\svfntfmt.h">
      <Filter>freetype\include\freetype\internal\services</Filter>
    </ClInclude>
    <ClInclude Include="freetype\include\freetype\internal\services\svgldict.h">
      <Filter>freetype\include\freetype\internal\services</Filter>
    </ClInclude>
    <ClInclude Include="freetype\include\freetype\internal\services\svgxval.h">
      <Filter>freetype\include\freetype\internal\services</Filter>
    </ClInclude>
    <ClInclude Include="freetype\include\freetype\internal\services\svkern.h">
      <Filter>freetype\include\freetype\internal\services</Filter>
    </ClInclude>
    <ClInclude Include="freetype\include\freetype\internal\services\svmm.h">
      <Filter>freetype\include\freetype\internal\services</Filter>
    </ClInclude>
    <ClInclude Include="freetype\include\freetype\internal\services\svotval.h">
      <Filter>freetype\include\freetype\internal\services</Filter>
    </ClInclude>
    <ClInclude Include="freetype\include\freetype\internal\services\svpfr.h">
      <Filter>freetype\include\freetype\internal\services</Filter>
    </ClInclude>
    <ClInclude Include="freetype\include\freetype\internal\services\svpostnm.h">
      <Filter>freetype\include\freetype\internal\services</Filter>
    </ClInclude>
    <ClInclude Include="freetype\include\freetype\internal\services\svprop.h">
      <Filter>freetype\include\freetype\internal\services</Filter>
    </ClInclude>
    <ClInclude Include="freetype\include\freetype\internal\services\svpscmap.h">
      <Filter>freetype\include\freetype\internal\services</Filter>
    </ClInclude>
    <ClInclude Include="freetype\include\freetype\internal\services\svpsinfo.h">
      <Filter>freetype\include\freetype\internal\services</Filter>
    </ClInclude>
    <ClInclude Include="freetype\include\freetype\internal\services\svsfnt.h">
      <Filter>freetype\include\freetype\internal\services</Filter>
    </ClInclude>
    <ClInclude Include="freetype\include\freetype\internal\services\svttcmap.h">
      <Filter>freetype\include\freetype\internal\services</Filter>
    </ClInclude>
    <ClInclude Include="freetype\include\freetype\internal\services\svtteng.h">
      <Filter>freetype\include\freetype\internal\services</Filter>
    </ClInclude>
    <ClInclude Include="freetype\include\freetype\internal\services\svttglyf.h">
      <Filter>freetype\include\freetype\internal\services</Filter>
    </ClInclude>
    <ClInclude Include="freetype\include\freetype\internal\services\svwinfnt.h">
      <Filter>freetype\include\freetype\internal\services</Filter>
    </ClInclude>
    <ClInclude Include="freetype\include\freetype\internal\autohint.h">
      <Filter>freetype\include\freetype\internal</Filter>
    </ClInclude>
    <ClInclude Include="freetype\include\freetype\internal\ftcalc.h">
      <Filter>freetype\include\freetype\internal</Filter>
    </ClInclude>
    <ClInclude Include="freetype\include\freetype\internal\ftdriver.h">
      <Filter>freetype\include\freetype\internal</Filter>
    </ClInclude>
    <ClInclude Include="freetype\include\freetype\internal\ftgloadr.h">
      <Filter>freetype\include\freetype\internal</Filter>
    </ClInclude>
    <ClInclude Include="freetype\include\freetype\internal\ftmemory.h">
      <Filter>freetype\include\freetype\internal</Filter>
    </ClInclude>
    <ClInclude Include="freetype\include\freetype\internal\ftobjs.h">
      <Filter>freetype\include\freetype\internal</Filter>
    </ClInclude>
    <ClInclude Include="freetype\include\freetype\internal\ftpic.h">
      <Filter>freetype\include\freetype\internal</Filter>
    </ClInclude>
    <ClInclude Include="freetype\include\freetype\internal\ftrfork.h">
      <Filter>freetype\include\freetype\internal</Filter>
    </ClInclude>
    <ClInclude Include="freetype\include\freetype\internal\ftserv.h">
      <Filter>freetype\include\freetype\internal</Filter>
    </ClInclude>
    <ClInclude Include="freetype\include\freetype\internal\ftstream.h">
      <Filter>freetype\include\freetype\internal</Filter>
    </ClInclude>
    <ClInclude Include="freetype\include\freetype\internal\fttrace.h">
      <Filter>freetype\include\freetype\internal</Filter>
    </ClInclude>
    <ClInclude Include="freetype\include\freetype\internal\ftvalid.h">
      <Filter>freetype\include\freetype\internal</Filter>
    </ClInclude>
    <ClInclude Include="freetype\include\freetype\internal\psaux.h">
      <Filter>freetype\include\freetype\internal</Filter>
    </ClInclude>
    <ClInclude Include="freetype\include\freetype\internal\pshints.h">
      <Filter>freetype\include\freetype\internal</Filter>
    </ClInclude>
    <ClInclude Include="freetype\include\freetype\internal\sfnt.h">
      <Filter>freetype\include\freetype\internal</Filter>
    </ClInclude>
    <ClInclude Include="freetype\include\freetype\internal\t1types.h">
      <Filter>freetype\include\freetype\internal</Filter>
    </ClInclude>
    <ClInclude Include="freetype\include\freetype\internal\tttypes.h">
      <Filter>freetype\include\freetype\internal</Filter>
    </ClInclude>
    <ClInclude Include="freetype\include\freetype\freetype.h">
      <Filter>freetype\include\freetype</Filter>
    </ClInclude>
    <ClInclude Include="freetype\include\freetype\ftadvanc.h">
      <Filter>freetype\include\freetype</Filter>
    </ClInclude>
    <ClInclude Include="freetype\include\freetype\ftautoh.h">
      <Filter>freetype\include\freetype</Filter>
    </ClInclude>
    <ClInclude Include="freetype\include\freetype\ftbbox.h">
      <Filter>freetype\include\freetype</Filter>
    </ClInclude>
    <ClInclude Include="freetype\include\freetype\ftbdf.h">
      <Filter>freetype\include\freetype</Filter>
    </ClInclude>
    <ClInclude Include="freetype\include\freetype\ftbitmap.h">
      <Filter>freetype\include\freetype</Filter>
    </ClInclude>
    <ClInclude Include="freetype\include\freetype\ftbzip2.h">
      <Filter>freetype\include\freetype</Filter>
    </ClInclude>
    <ClInclude Include="freetype\include\freetype\ftcache.h">
      <Filter>freetype\include\freetype</Filter>
    </ClInclude>
    <ClInclude Include="freetype\include\freetype\ftcffdrv.h">
      <Filter>freetype\include\freetype</Filter>
    </ClInclude>
    <ClInclude Include="freetype\include\freetype\ftchapters.h">
      <Filter>freetype\include\freetype</Filter>
    </ClInclude>
    <ClInclude Include="freetype\include\freetype\ftcid.h">
      <Filter>freetype\include\freetype</Filter>
    </ClInclude>
    <ClInclude Include="freetype\include\freetype\fterrdef.h">
      <Filter>freetype\include\freetype</Filter>
    </ClInclude>
    <ClInclude Include="freetype\include\freetype\fterrors.h">
      <Filter>freetype\include\freetype</Filter>
    </ClInclude>
    <ClInclude Include="freetype\include\freetype\ftfntfmt.h">
      <Filter>freetype\include\freetype</Filter>
    </ClInclude>
    <ClInclude Include="freetype\include\freetype\ftgasp.h">
      <Filter>freetype\include\freetype</Filter>
    </ClInclude>
    <ClInclude Include="freetype\include\freetype\ftglyph.h">
      <Filter>freetype\include\freetype</Filter>
    </ClInclude>
    <ClInclude Include="freetype\include\freetype\ftgxval.h">
      <Filter>freetype\include\freetype</Filter>
    </ClInclude>
    <ClInclude Include="freetype\include\freetype\ftgzip.h">
      <Filter>freetype\include\freetype</Filter>
    </ClInclude>
    <ClInclude Include="freetype\include\freetype\ftimage.h">
      <Filter>freetype\include\freetype</Filter>
    </ClInclude>
    <ClInclude Include="freetype\include\freetype\ftincrem.h">
      <Filter>freetype\include\freetype</Filter>
    </ClInclude>
    <ClInclude Include="freetype\include\freetype\ftlcdfil.h">
      <Filter>freetype\include\freetype</Filter>
    </ClInclude>
    <ClInclude Include="freetype\include\freetype\ftlist.h">
      <Filter>freetype\include\freetype</Filter>
    </ClInclude>
    <ClInclude Include="freetype\include\freetype\ftlzw.h">
      <Filter>freetype\include\freetype</Filter>
    </ClInclude>
    <ClInclude Include="freetype\include\freetype\ftmac.h">
      <Filter>freetype\include\freetype</Filter>
    </ClInclude>
    <ClInclude Include="freetype\include\freetype\ftmm.h">
      <Filter>freetype\include\freetype</Filter>
    </ClInclude>
    <ClInclude Include="freetype\include\freetype\ftmodapi.h">
      <Filter>freetype\include\freetype</Filter>
    </ClInclude>
    <ClInclude Include="freetype\include\freetype\ftmoderr.h">
      <Filter>freetype\include\freetype</Filter>
    </ClInclude>
    <ClInclude Include="freetype\include\freetype\ftotval.h">
      <Filter>freetype\include\freetype</Filter>
    </ClInclude>
    <ClInclude Include="freetype\include\freetype\ftoutln.h">
      <Filter>freetype\include\freetype</Filter>
    </ClInclude>
    <ClInclude Include="freetype\include\freetype\ftpfr.h">
      <Filter>freetype\include\freetype</Filter>
    </ClInclude>
    <ClInclude Include="freetype\include\freetype\ftrender.h">
      <Filter>freetype\include\freetype</Filter>
    </ClInclude>
    <ClInclude Include="freetype\include\freetype\ftsizes.h">
      <Filter>freetype\include\freetype</Filter>
    </ClInclude>
    <ClInclude Include="freetype\include\freetype\ftsnames.h">
      <Filter>freetype\include\freetype</Filter>
    </ClInclude>
    <ClInclude Include="freetype\include\freetype\ftstroke.h">
      <Filter>freetype\include\freetype</Filter>
    </ClInclude>
    <ClInclude Include="freetype\include\freetype\ftsynth.h">
      <Filter>freetype\include\freetype</Filter>
    </ClInclude>
    <ClInclude Include="freetype\include\freetype\ftsystem.h">
      <Filter>freetype\include\freetype</Filter>
    </ClInclude>
    <ClInclude Include="freetype\include\freetype\fttrigon.h">
      <Filter>freetype\include\freetype</Filter>
    </ClInclude>
    <ClInclude Include="freetype\include\freetype\ftttdrv.h">
      <Filter>freetype\include\freetype</Filter>
    </ClInclude>
    <ClInclude Include="freetype\include\freetype\fttypes.h">
      <Filter>freetype\include\freetype</Filter>
    </ClInclude>
    <ClInclude Include="freetype\include\freetype\ftwinfnt.h">
      <Filter>freetype\include\freetype</Filter>
    </ClInclude>
    <ClInclude Include="freetype\include\freetype\t1tables.h">
      <Filter>freetype\include\freetype</Filter>
    </ClInclude>
    <ClInclude Include="freetype\include\freetype\ttnameid.h">
      <Filter>freetype\include\freetype</Filter>
    </ClInclude>
    <ClInclude Include="freetype\include\freetype\tttables.h">
      <Filter>freetype\include\freetype</Filter>
    </ClInclude>
    <ClInclude Include="freetype\include\freetype\tttags.h">
      <Filter>freetype\include\freetype</Filter>
    </ClInclude>
    <ClInclude Include="freetype\include\freetype\ttunpat.h">
      <Filter>freetype\include\freetype</Filter>
    </ClInclude>
    <ClInclude Include="freetype\src\base\basepic.h">
      <Filter>freetype\src\base</Filter>
    </ClInclude>
    <ClInclude Include="freetype\src\base\ftbase.h">
      <Filter>freetype\src\base</Filter>
    </ClInclude>
    <ClInclude Include="freetype\src\base\md5.h">
      <Filter>freetype\src\base</Filter>
    </ClInclude>
  </ItemGroup>
  <ItemGroup>
    <Text Include="ReadMe.txt" />
  </ItemGroup>
  <ItemGroup>
    <Filter Include="FTGL_src">
      <UniqueIdentifier>{f220b8e1-748e-422f-8f3e-0309b4263751}</UniqueIdentifier>
    </Filter>
    <Filter Include="FTGL_src\FTFont">
      <UniqueIdentifier>{d8287a24-30d8-4141-9fb1-af67f5ab7b03}</UniqueIdentifier>
    </Filter>
    <Filter Include="FTGL_src\FTGL">
      <UniqueIdentifier>{0792cd0e-1dc4-4178-ab42-fb6eab005bd5}</UniqueIdentifier>
    </Filter>
    <Filter Include="FTGL_src\FTGlyph">
      <UniqueIdentifier>{31265c44-603f-4eb5-9e03-67012e0da74a}</UniqueIdentifier>
    </Filter>
    <Filter Include="FTGL_src\FTLayout">
      <UniqueIdentifier>{827510c4-d939-4974-a7c7-3a447422ec54}</UniqueIdentifier>
    </Filter>
    <Filter Include="freetype">
      <UniqueIdentifier>{bd42dc17-6c0a-486d-ae8d-c14afb9932ae}</UniqueIdentifier>
    </Filter>
    <Filter Include="freetype\include">
      <UniqueIdentifier>{060ace97-b47b-477c-95d2-cb6130732df4}</UniqueIdentifier>
    </Filter>
    <Filter Include="freetype\include\freetype">
      <UniqueIdentifier>{ed566e36-1571-4113-bc2c-e90a74bb2341}</UniqueIdentifier>
    </Filter>
    <Filter Include="freetype\include\freetype\config">
      <UniqueIdentifier>{27923521-4f2d-44da-8aac-cccd6b7517b2}</UniqueIdentifier>
    </Filter>
    <Filter Include="freetype\src">
      <UniqueIdentifier>{503336f9-7c4e-4137-a724-8e653311973f}</UniqueIdentifier>
    </Filter>
    <Filter Include="freetype\src\base">
      <UniqueIdentifier>{e944f388-ae3a-49b7-a581-307f5db0f5d8}</UniqueIdentifier>
    </Filter>
    <Filter Include="freetype\include\freetype\internal">
      <UniqueIdentifier>{68e1db3d-0c9a-4434-ac19-e2a592191c26}</UniqueIdentifier>
    </Filter>
    <Filter Include="freetype\include\freetype\internal\services">
      <UniqueIdentifier>{5b3d5c6e-b0a9-481b-b431-162b1e991b90}</UniqueIdentifier>
    </Filter>
  </ItemGroup>
  <ItemGroup>
    <None Include="freetype\src\base\Jamfile">
      <Filter>freetype\src\base</Filter>
    </None>
    <None Include="freetype\src\base\rules.mk">
      <Filter>freetype\src\base</Filter>
    </None>
  </ItemGroup>
</Project>