Microsoft Visual Studio Solution File, Format Version 12.00
# Visual Studio 14
Project("{8BC9CEB8-8B4A-11D0-8D11-00A0C91BC942}") = "ALL_BUILD", "ALL_BUILD.vcxproj", "{D275FABC-0D57-31C3-9A9C-F3AE7D78A0F1}"
	ProjectSection(ProjectDependencies) = postProject
		{35F8CD03-98D5-3A18-BEA9-52B9B74EABC8} = {35F8CD03-98D5-3A18-BEA9-52B9B74EABC8}
		{42E1AF04-6BF0-30F3-8952-9A33E1907F9C} = {42E1AF04-6BF0-30F3-8952-9A33E1907F9C}
		{537B72AB-C4E0-38F7-B0F7-3D7705DC3D1C} = {537B72AB-C4E0-38F7-B0F7-3D7705DC3D1C}
		{BB6FCE56-433C-3935-BC9E-EE73303F91A2} = {BB6FCE56-433C-3935-BC9E-EE73303F91A2}
		{1BAB684B-62EE-3207-A10D-F43438243005} = {1BAB684B-62EE-3207-A10D-F43438243005}
		{D07BEF03-7C70-3E52-8728-5CAA2F9462A4} = {D07BEF03-7C70-3E52-8728-5CAA2F9462A4}
		{8D8C4727-9AA4-3A81-8E91-B19DCD1877EF} = {8D8C4727-9AA4-3A81-8E91-B19DCD1877EF}
		{967521CB-63AF-3E15-9272-3871657CE654} = {967521CB-63AF-3E15-9272-3871657CE654}
		{685C3433-556E-3FC0-A48B-CDCE931A02DF} = {685C3433-556E-3FC0-A48B-CDCE931A02DF}
		{06C7E859-1239-391C-9C15-95462EE5EFB1} = {06C7E859-1239-391C-9C15-95462EE5EFB1}
		{DAC18F3D-263E-3674-B2CE-DD78E5DFACDA} = {DAC18F3D-263E-3674-B2CE-DD78E5DFACDA}
		{EB2296A6-D9BD-339C-A17A-26EC54A6E0D4} = {EB2296A6-D9BD-339C-A17A-26EC54A6E0D4}
		{607D40FF-F341-3F30-B930-84C957922AAD} = {607D40FF-F341-3F30-B930-84C957922AAD}
		{6D5AEFD5-889B-383D-BE61-97B69B2BEF35} = {6D5AEFD5-889B-383D-BE61-97B69B2BEF35}
		{5D952D72-459D-3941-B397-71369E4220A0} = {5D952D72-459D-3941-B397-71369E4220A0}
		{711FB012-7222-3A26-A7D8-16BDF5A66BBC} = {711FB012-7222-3A26-A7D8-16BDF5A66BBC}
		{EC797161-11FC-358A-805B-99277AF74C4F} = {EC797161-11FC-358A-805B-99277AF74C4F}
		{2F2559B0-E4B0-30C7-9D99-055401A24613} = {2F2559B0-E4B0-30C7-9D99-055401A24613}
		{40F9461A-505A-39CF-9E14-DC91E09FF298} = {40F9461A-505A-39CF-9E14-DC91E09FF298}
		{C952EA0B-209C-3F8B-BC83-2C68FC5B65F6} = {C952EA0B-209C-3F8B-BC83-2C68FC5B65F6}
		{EB813AE6-111F-39DA-AD72-1B67D3060335} = {EB813AE6-111F-39DA-AD72-1B67D3060335}
		{0E7FE568-CE0E-3D19-99E3-75ACEA2CCD29} = {0E7FE568-CE0E-3D19-99E3-75ACEA2CCD29}
		{AE2EE393-8130-3414-AA4F-BB27F6137A5F} = {AE2EE393-8130-3414-AA4F-BB27F6137A5F}
		{DDF680C0-0863-3BC6-B3E9-82030C567E87} = {DDF680C0-0863-3BC6-B3E9-82030C567E87}
		{FCB89964-4928-3EEB-BFBB-2E9F2922D44E} = {FCB89964-4928-3EEB-BFBB-2E9F2922D44E}
	EndProjectSection
EndProject
Project("{8BC9CEB8-8B4A-11D0-8D11-00A0C91BC942}") = "CallbackMaker", "CallbackMaker.vcxproj", "{35F8CD03-98D5-3A18-BEA9-52B9B74EABC8}"
	ProjectSection(ProjectDependencies) = postProject
		{607D40FF-F341-3F30-B930-84C957922AAD} = {607D40FF-F341-3F30-B930-84C957922AAD}
		{6D5AEFD5-889B-383D-BE61-97B69B2BEF35} = {6D5AEFD5-889B-383D-BE61-97B69B2BEF35}
	EndProjectSection
EndProject
Project("{8BC9CEB8-8B4A-11D0-8D11-00A0C91BC942}") = "CallbackMaker_static", "CallbackMaker_static.vcxproj", "{42E1AF04-6BF0-30F3-8952-9A33E1907F9C}"
	ProjectSection(ProjectDependencies) = postProject
		{607D40FF-F341-3F30-B930-84C957922AAD} = {607D40FF-F341-3F30-B930-84C957922AAD}
		{5D952D72-459D-3941-B397-71369E4220A0} = {5D952D72-459D-3941-B397-71369E4220A0}
	EndProjectSection
EndProject
Project("{8BC9CEB8-8B4A-11D0-8D11-00A0C91BC942}") = "Fractals", "Fractals.vcxproj", "{537B72AB-C4E0-38F7-B0F7-3D7705DC3D1C}"
	ProjectSection(ProjectDependencies) = postProject
		{607D40FF-F341-3F30-B930-84C957922AAD} = {607D40FF-F341-3F30-B930-84C957922AAD}
		{6D5AEFD5-889B-383D-BE61-97B69B2BEF35} = {6D5AEFD5-889B-383D-BE61-97B69B2BEF35}
	EndProjectSection
EndProject
Project("{8BC9CEB8-8B4A-11D0-8D11-00A0C91BC942}") = "Fractals_random", "Fractals_random.vcxproj", "{BB6FCE56-433C-3935-BC9E-EE73303F91A2}"
	ProjectSection(ProjectDependencies) = postProject
		{607D40FF-F341-3F30-B930-84C957922AAD} = {607D40FF-F341-3F30-B930-84C957922AAD}
		{6D5AEFD5-889B-383D-BE61-97B69B2BEF35} = {6D5AEFD5-889B-383D-BE61-97B69B2BEF35}
	EndProjectSection
EndProject
Project("{8BC9CEB8-8B4A-11D0-8D11-00A0C91BC942}") = "Fractals_random_static", "Fractals_random_static.vcxproj", "{1BAB684B-62EE-3207-A10D-F43438243005}"
	ProjectSection(ProjectDependencies) = postProject
		{607D40FF-F341-3F30-B930-84C957922AAD} = {607D40FF-F341-3F30-B930-84C957922AAD}
		{5D952D72-459D-3941-B397-71369E4220A0} = {5D952D72-459D-3941-B397-71369E4220A0}
	EndProjectSection
EndProject
Project("{8BC9CEB8-8B4A-11D0-8D11-00A0C91BC942}") = "Fractals_static", "Fractals_static.vcxproj", "{D07BEF03-7C70-3E52-8728-5CAA2F9462A4}"
	ProjectSection(ProjectDependencies) = postProject
		{607D40FF-F341-3F30-B930-84C957922AAD} = {607D40FF-F341-3F30-B930-84C957922AAD}
		{5D952D72-459D-3941-B397-71369E4220A0} = {5D952D72-459D-3941-B397-71369E4220A0}
	EndProjectSection
EndProject
Project("{8BC9CEB8-8B4A-11D0-8D11-00A0C91BC942}") = "INSTALL", "INSTALL.vcxproj", "{FF99682A-1AC7-37C9-9268-60EA842DA763}"
	ProjectSection(ProjectDependencies) = postProject
		{D275FABC-0D57-31C3-9A9C-F3AE7D78A0F1} = {D275FABC-0D57-31C3-9A9C-F3AE7D78A0F1}
		{607D40FF-F341-3F30-B930-84C957922AAD} = {607D40FF-F341-3F30-B930-84C957922AAD}
	EndProjectSection
EndProject
Project("{8BC9CEB8-8B4A-11D0-8D11-00A0C91BC942}") = "Lorenz", "Lorenz.vcxproj", "{8D8C4727-9AA4-3A81-8E91-B19DCD1877EF}"
	ProjectSection(ProjectDependencies) = postProject
		{607D40FF-F341-3F30-B930-84C957922AAD} = {607D40FF-F341-3F30-B930-84C957922AAD}
		{6D5AEFD5-889B-383D-BE61-97B69B2BEF35} = {6D5AEFD5-889B-383D-BE61-97B69B2BEF35}
	EndProjectSection
EndProject
Project("{8BC9CEB8-8B4A-11D0-8D11-00A0C91BC942}") = "Lorenz_static", "Lorenz_static.vcxproj", "{967521CB-63AF-3E15-9272-3871657CE654}"
	ProjectSection(ProjectDependencies) = postProject
		{607D40FF-F341-3F30-B930-84C957922AAD} = {607D40FF-F341-3F30-B930-84C957922AAD}
		{5D952D72-459D-3941-B397-71369E4220A0} = {5D952D72-459D-3941-B397-71369E4220A0}
	EndProjectSection
EndProject
Project("{8BC9CEB8-8B4A-11D0-8D11-00A0C91BC942}") = "One", "One.vcxproj", "{685C3433-556E-3FC0-A48B-CDCE931A02DF}"
	ProjectSection(ProjectDependencies) = postProject
		{607D40FF-F341-3F30-B930-84C957922AAD} = {607D40FF-F341-3F30-B930-84C957922AAD}
		{6D5AEFD5-889B-383D-BE61-97B69B2BEF35} = {6D5AEFD5-889B-383D-BE61-97B69B2BEF35}
	EndProjectSection
EndProject
Project("{8BC9CEB8-8B4A-11D0-8D11-00A0C91BC942}") = "One_static", "One_static.vcxproj", "{06C7E859-1239-391C-9C15-95462EE5EFB1}"
	ProjectSection(ProjectDependencies) = postProject
		{607D40FF-F341-3F30-B930-84C957922AAD} = {607D40FF-F341-3F30-B930-84C957922AAD}
		{5D952D72-459D-3941-B397-71369E4220A0} = {5D952D72-459D-3941-B397-71369E4220A0}
	EndProjectSection
EndProject
Project("{8BC9CEB8-8B4A-11D0-8D11-00A0C91BC942}") = "Resizer", "Resizer.vcxproj", "{DAC18F3D-263E-3674-B2CE-DD78E5DFACDA}"
	ProjectSection(ProjectDependencies) = postProject
		{607D40FF-F341-3F30-B930-84C957922AAD} = {607D40FF-F341-3F30-B930-84C957922AAD}
		{6D5AEFD5-889B-383D-BE61-97B69B2BEF35} = {6D5AEFD5-889B-383D-BE61-97B69B2BEF35}
	EndProjectSection
EndProject
Project("{8BC9CEB8-8B4A-11D0-8D11-00A0C91BC942}") = "Resizer_static", "Resizer_static.vcxproj", "{EB2296A6-D9BD-339C-A17A-26EC54A6E0D4}"
	ProjectSection(ProjectDependencies) = postProject
		{607D40FF-F341-3F30-B930-84C957922AAD} = {607D40FF-F341-3F30-B930-84C957922AAD}
		{5D952D72-459D-3941-B397-71369E4220A0} = {5D952D72-459D-3941-B397-71369E4220A0}
	EndProjectSection
EndProject
Project("{8BC9CEB8-8B4A-11D0-8D11-00A0C91BC942}") = "ZERO_CHECK", "ZERO_CHECK.vcxproj", "{607D40FF-F341-3F30-B930-84C957922AAD}"
	ProjectSection(ProjectDependencies) = postProject
	EndProjectSection
EndProject
Project("{8BC9CEB8-8B4A-11D0-8D11-00A0C91BC942}") = "freeglut", "freeglut.vcxproj", "{6D5AEFD5-889B-383D-BE61-97B69B2BEF35}"
	ProjectSection(ProjectDependencies) = postProject
		{607D40FF-F341-3F30-B930-84C957922AAD} = {607D40FF-F341-3F30-B930-84C957922AAD}
	EndProjectSection
EndProject
Project("{8BC9CEB8-8B4A-11D0-8D11-00A0C91BC942}") = "freeglut_static", "freeglut_static.vcxproj", "{5D952D72-459D-3941-B397-71369E4220A0}"
	ProjectSection(ProjectDependencies) = postProject
		{607D40FF-F341-3F30-B930-84C957922AAD} = {607D40FF-F341-3F30-B930-84C957922AAD}
	EndProjectSection
EndProject
Project("{8BC9CEB8-8B4A-11D0-8D11-00A0C91BC942}") = "multi-touch", "multi-touch.vcxproj", "{711FB012-7222-3A26-A7D8-16BDF5A66BBC}"
	ProjectSection(ProjectDependencies) = postProject
		{607D40FF-F341-3F30-B930-84C957922AAD} = {607D40FF-F341-3F30-B930-84C957922AAD}
		{6D5AEFD5-889B-383D-BE61-97B69B2BEF35} = {6D5AEFD5-889B-383D-BE61-97B69B2BEF35}
	EndProjectSection
EndProject
Project("{8BC9CEB8-8B4A-11D0-8D11-00A0C91BC942}") = "multi-touch_static", "multi-touch_static.vcxproj", "{EC797161-11FC-358A-805B-99277AF74C4F}"
	ProjectSection(ProjectDependencies) = postProject
		{607D40FF-F341-3F30-B930-84C957922AAD} = {607D40FF-F341-3F30-B930-84C957922AAD}
		{5D952D72-459D-3941-B397-71369E4220A0} = {5D952D72-459D-3941-B397-71369E4220A0}
	EndProjectSection
EndProject
Project("{8BC9CEB8-8B4A-11D0-8D11-00A0C91BC942}") = "shapes", "shapes.vcxproj", "{2F2559B0-E4B0-30C7-9D99-055401A24613}"
	ProjectSection(ProjectDependencies) = postProject
		{607D40FF-F341-3F30-B930-84C957922AAD} = {607D40FF-F341-3F30-B930-84C957922AAD}
		{6D5AEFD5-889B-383D-BE61-97B69B2BEF35} = {6D5AEFD5-889B-383D-BE61-97B69B2BEF35}
	EndProjectSection
EndProject
Project("{8BC9CEB8-8B4A-11D0-8D11-00A0C91BC942}") = "shapes_static", "shapes_static.vcxproj", "{40F9461A-505A-39CF-9E14-DC91E09FF298}"
	ProjectSection(ProjectDependencies) = postProject
		{607D40FF-F341-3F30-B930-84C957922AAD} = {607D40FF-F341-3F30-B930-84C957922AAD}
		{5D952D72-459D-3941-B397-71369E4220A0} = {5D952D72-459D-3941-B397-71369E4220A0}
	EndProjectSection
EndProject
Project("{8BC9CEB8-8B4A-11D0-8D11-00A0C91BC942}") = "smooth_opengl3", "smooth_opengl3.vcxproj", "{C952EA0B-209C-3F8B-BC83-2C68FC5B65F6}"
	ProjectSection(ProjectDependencies) = postProject
		{607D40FF-F341-3F30-B930-84C957922AAD} = {607D40FF-F341-3F30-B930-84C957922AAD}
		{6D5AEFD5-889B-383D-BE61-97B69B2BEF35} = {6D5AEFD5-889B-383D-BE61-97B69B2BEF35}
	EndProjectSection
EndProject
Project("{8BC9CEB8-8B4A-11D0-8D11-00A0C91BC942}") = "smooth_opengl3_static", "smooth_opengl3_static.vcxproj", "{EB813AE6-111F-39DA-AD72-1B67D3060335}"
	ProjectSection(ProjectDependencies) = postProject
		{607D40FF-F341-3F30-B930-84C957922AAD} = {607D40FF-F341-3F30-B930-84C957922AAD}
		{5D952D72-459D-3941-B397-71369E4220A0} = {5D952D72-459D-3941-B397-71369E4220A0}
	EndProjectSection
EndProject
Project("{8BC9CEB8-8B4A-11D0-8D11-00A0C91BC942}") = "subwin", "subwin.vcxproj", "{0E7FE568-CE0E-3D19-99E3-75ACEA2CCD29}"
	ProjectSection(ProjectDependencies) = postProject
		{607D40FF-F341-3F30-B930-84C957922AAD} = {607D40FF-F341-3F30-B930-84C957922AAD}
		{6D5AEFD5-889B-383D-BE61-97B69B2BEF35} = {6D5AEFD5-889B-383D-BE61-97B69B2BEF35}
	EndProjectSection
EndProject
Project("{8BC9CEB8-8B4A-11D0-8D11-00A0C91BC942}") = "subwin_static", "subwin_static.vcxproj", "{AE2EE393-8130-3414-AA4F-BB27F6137A5F}"
	ProjectSection(ProjectDependencies) = postProject
		{607D40FF-F341-3F30-B930-84C957922AAD} = {607D40FF-F341-3F30-B930-84C957922AAD}
		{5D952D72-459D-3941-B397-71369E4220A0} = {5D952D72-459D-3941-B397-71369E4220A0}
	EndProjectSection
EndProject
Project("{8BC9CEB8-8B4A-11D0-8D11-00A0C91BC942}") = "timer", "timer.vcxproj", "{DDF680C0-0863-3BC6-B3E9-82030C567E87}"
	ProjectSection(ProjectDependencies) = postProject
		{607D40FF-F341-3F30-B930-84C957922AAD} = {607D40FF-F341-3F30-B930-84C957922AAD}
		{6D5AEFD5-889B-383D-BE61-97B69B2BEF35} = {6D5AEFD5-889B-383D-BE61-97B69B2BEF35}
	EndProjectSection
EndProject
Project("{8BC9CEB8-8B4A-11D0-8D11-00A0C91BC942}") = "timer_static", "timer_static.vcxproj", "{FCB89964-4928-3EEB-BFBB-2E9F2922D44E}"
	ProjectSection(ProjectDependencies) = postProject
		{607D40FF-F341-3F30-B930-84C957922AAD} = {607D40FF-F341-3F30-B930-84C957922AAD}
		{5D952D72-459D-3941-B397-71369E4220A0} = {5D952D72-459D-3941-B397-71369E4220A0}
	EndProjectSection
EndProject
Global
	GlobalSection(SolutionConfigurationPlatforms) = preSolution
		Debug|Win32 = Debug|Win32
		Release|Win32 = Release|Win32
		MinSizeRel|Win32 = MinSizeRel|Win32
		RelWithDebInfo|Win32 = RelWithDebInfo|Win32
	EndGlobalSection
	GlobalSection(ProjectConfigurationPlatforms) = postSolution
		{D275FABC-0D57-31C3-9A9C-F3AE7D78A0F1}.Debug|Win32.ActiveCfg = Debug|Win32
		{D275FABC-0D57-31C3-9A9C-F3AE7D78A0F1}.Debug|Win32.Build.0 = Debug|Win32
		{D275FABC-0D57-31C3-9A9C-F3AE7D78A0F1}.Release|Win32.ActiveCfg = Release|Win32
		{D275FABC-0D57-31C3-9A9C-F3AE7D78A0F1}.Release|Win32.Build.0 = Release|Win32
		{D275FABC-0D57-31C3-9A9C-F3AE7D78A0F1}.MinSizeRel|Win32.ActiveCfg = MinSizeRel|Win32
		{D275FABC-0D57-31C3-9A9C-F3AE7D78A0F1}.MinSizeRel|Win32.Build.0 = MinSizeRel|Win32
		{D275FABC-0D57-31C3-9A9C-F3AE7D78A0F1}.RelWithDebInfo|Win32.ActiveCfg = RelWithDebInfo|Win32
		{D275FABC-0D57-31C3-9A9C-F3AE7D78A0F1}.RelWithDebInfo|Win32.Build.0 = RelWithDebInfo|Win32
		{35F8CD03-98D5-3A18-BEA9-52B9B74EABC8}.Debug|Win32.ActiveCfg = Debug|Win32
		{35F8CD03-98D5-3A18-BEA9-52B9B74EABC8}.Debug|Win32.Build.0 = Debug|Win32
		{35F8CD03-98D5-3A18-BEA9-52B9B74EABC8}.Release|Win32.ActiveCfg = Release|Win32
		{35F8CD03-98D5-3A18-BEA9-52B9B74EABC8}.Release|Win32.Build.0 = Release|Win32
		{35F8CD03-98D5-3A18-BEA9-52B9B74EABC8}.MinSizeRel|Win32.ActiveCfg = MinSizeRel|Win32
		{35F8CD03-98D5-3A18-BEA9-52B9B74EABC8}.MinSizeRel|Win32.Build.0 = MinSizeRel|Win32
		{35F8CD03-98D5-3A18-BEA9-52B9B74EABC8}.RelWithDebInfo|Win32.ActiveCfg = RelWithDebInfo|Win32
		{35F8CD03-98D5-3A18-BEA9-52B9B74EABC8}.RelWithDebInfo|Win32.Build.0 = RelWithDebInfo|Win32
		{42E1AF04-6BF0-30F3-8952-9A33E1907F9C}.Debug|Win32.ActiveCfg = Debug|Win32
		{42E1AF04-6BF0-30F3-8952-9A33E1907F9C}.Debug|Win32.Build.0 = Debug|Win32
		{42E1AF04-6BF0-30F3-8952-9A33E1907F9C}.Release|Win32.ActiveCfg = Release|Win32
		{42E1AF04-6BF0-30F3-8952-9A33E1907F9C}.Release|Win32.Build.0 = Release|Win32
		{42E1AF04-6BF0-30F3-8952-9A33E1907F9C}.MinSizeRel|Win32.ActiveCfg = MinSizeRel|Win32
		{42E1AF04-6BF0-30F3-8952-9A33E1907F9C}.MinSizeRel|Win32.Build.0 = MinSizeRel|Win32
		{42E1AF04-6BF0-30F3-8952-9A33E1907F9C}.RelWithDebInfo|Win32.ActiveCfg = RelWithDebInfo|Win32
		{42E1AF04-6BF0-30F3-8952-9A33E1907F9C}.RelWithDebInfo|Win32.Build.0 = RelWithDebInfo|Win32
		{537B72AB-C4E0-38F7-B0F7-3D7705DC3D1C}.Debug|Win32.ActiveCfg = Debug|Win32
		{537B72AB-C4E0-38F7-B0F7-3D7705DC3D1C}.Debug|Win32.Build.0 = Debug|Win32
		{537B72AB-C4E0-38F7-B0F7-3D7705DC3D1C}.Release|Win32.ActiveCfg = Release|Win32
		{537B72AB-C4E0-38F7-B0F7-3D7705DC3D1C}.Release|Win32.Build.0 = Release|Win32
		{537B72AB-C4E0-38F7-B0F7-3D7705DC3D1C}.MinSizeRel|Win32.ActiveCfg = MinSizeRel|Win32
		{537B72AB-C4E0-38F7-B0F7-3D7705DC3D1C}.MinSizeRel|Win32.Build.0 = MinSizeRel|Win32
		{537B72AB-C4E0-38F7-B0F7-3D7705DC3D1C}.RelWithDebInfo|Win32.ActiveCfg = RelWithDebInfo|Win32
		{537B72AB-C4E0-38F7-B0F7-3D7705DC3D1C}.RelWithDebInfo|Win32.Build.0 = RelWithDebInfo|Win32
		{BB6FCE56-433C-3935-BC9E-EE73303F91A2}.Debug|Win32.ActiveCfg = Debug|Win32
		{BB6FCE56-433C-3935-BC9E-EE73303F91A2}.Debug|Win32.Build.0 = Debug|Win32
		{BB6FCE56-433C-3935-BC9E-EE73303F91A2}.Release|Win32.ActiveCfg = Release|Win32
		{BB6FCE56-433C-3935-BC9E-EE73303F91A2}.Release|Win32.Build.0 = Release|Win32
		{BB6FCE56-433C-3935-BC9E-EE73303F91A2}.MinSizeRel|Win32.ActiveCfg = MinSizeRel|Win32
		{BB6FCE56-433C-3935-BC9E-EE73303F91A2}.MinSizeRel|Win32.Build.0 = MinSizeRel|Win32
		{BB6FCE56-433C-3935-BC9E-EE73303F91A2}.RelWithDebInfo|Win32.ActiveCfg = RelWithDebInfo|Win32
		{BB6FCE56-433C-3935-BC9E-EE73303F91A2}.RelWithDebInfo|Win32.Build.0 = RelWithDebInfo|Win32
		{1BAB684B-62EE-3207-A10D-F43438243005}.Debug|Win32.ActiveCfg = Debug|Win32
		{1BAB684B-62EE-3207-A10D-F43438243005}.Debug|Win32.Build.0 = Debug|Win32
		{1BAB684B-62EE-3207-A10D-F43438243005}.Release|Win32.ActiveCfg = Release|Win32
		{1BAB684B-62EE-3207-A10D-F43438243005}.Release|Win32.Build.0 = Release|Win32
		{1BAB684B-62EE-3207-A10D-F43438243005}.MinSizeRel|Win32.ActiveCfg = MinSizeRel|Win32
		{1BAB684B-62EE-3207-A10D-F43438243005}.MinSizeRel|Win32.Build.0 = MinSizeRel|Win32
		{1BAB684B-62EE-3207-A10D-F43438243005}.RelWithDebInfo|Win32.ActiveCfg = RelWithDebInfo|Win32
		{1BAB684B-62EE-3207-A10D-F43438243005}.RelWithDebInfo|Win32.Build.0 = RelWithDebInfo|Win32
		{D07BEF03-7C70-3E52-8728-5CAA2F9462A4}.Debug|Win32.ActiveCfg = Debug|Win32
		{D07BEF03-7C70-3E52-8728-5CAA2F9462A4}.Debug|Win32.Build.0 = Debug|Win32
		{D07BEF03-7C70-3E52-8728-5CAA2F9462A4}.Release|Win32.ActiveCfg = Release|Win32
		{D07BEF03-7C70-3E52-8728-5CAA2F9462A4}.Release|Win32.Build.0 = Release|Win32
		{D07BEF03-7C70-3E52-8728-5CAA2F9462A4}.MinSizeRel|Win32.ActiveCfg = MinSizeRel|Win32
		{D07BEF03-7C70-3E52-8728-5CAA2F9462A4}.MinSizeRel|Win32.Build.0 = MinSizeRel|Win32
		{D07BEF03-7C70-3E52-8728-5CAA2F9462A4}.RelWithDebInfo|Win32.ActiveCfg = RelWithDebInfo|Win32
		{D07BEF03-7C70-3E52-8728-5CAA2F9462A4}.RelWithDebInfo|Win32.Build.0 = RelWithDebInfo|Win32
		{FF99682A-1AC7-37C9-9268-60EA842DA763}.Debug|Win32.ActiveCfg = Debug|Win32
		{FF99682A-1AC7-37C9-9268-60EA842DA763}.Release|Win32.ActiveCfg = Release|Win32
		{FF99682A-1AC7-37C9-9268-60EA842DA763}.MinSizeRel|Win32.ActiveCfg = MinSizeRel|Win32
		{FF99682A-1AC7-37C9-9268-60EA842DA763}.RelWithDebInfo|Win32.ActiveCfg = RelWithDebInfo|Win32
		{8D8C4727-9AA4-3A81-8E91-B19DCD1877EF}.Debug|Win32.ActiveCfg = Debug|Win32
		{8D8C4727-9AA4-3A81-8E91-B19DCD1877EF}.Debug|Win32.Build.0 = Debug|Win32
		{8D8C4727-9AA4-3A81-8E91-B19DCD1877EF}.Release|Win32.ActiveCfg = Release|Win32
		{8D8C4727-9AA4-3A81-8E91-B19DCD1877EF}.Release|Win32.Build.0 = Release|Win32
		{8D8C4727-9AA4-3A81-8E91-B19DCD1877EF}.MinSizeRel|Win32.ActiveCfg = MinSizeRel|Win32
		{8D8C4727-9AA4-3A81-8E91-B19DCD1877EF}.MinSizeRel|Win32.Build.0 = MinSizeRel|Win32
		{8D8C4727-9AA4-3A81-8E91-B19DCD1877EF}.RelWithDebInfo|Win32.ActiveCfg = RelWithDebInfo|Win32
		{8D8C4727-9AA4-3A81-8E91-B19DCD1877EF}.RelWithDebInfo|Win32.Build.0 = RelWithDebInfo|Win32
		{967521CB-63AF-3E15-9272-3871657CE654}.Debug|Win32.ActiveCfg = Debug|Win32
		{967521CB-63AF-3E15-9272-3871657CE654}.Debug|Win32.Build.0 = Debug|Win32
		{967521CB-63AF-3E15-9272-3871657CE654}.Release|Win32.ActiveCfg = Release|Win32
		{967521CB-63AF-3E15-9272-3871657CE654}.Release|Win32.Build.0 = Release|Win32
		{967521CB-63AF-3E15-9272-3871657CE654}.MinSizeRel|Win32.ActiveCfg = MinSizeRel|Win32
		{967521CB-63AF-3E15-9272-3871657CE654}.MinSizeRel|Win32.Build.0 = MinSizeRel|Win32
		{967521CB-63AF-3E15-9272-3871657CE654}.RelWithDebInfo|Win32.ActiveCfg = RelWithDebInfo|Win32
		{967521CB-63AF-3E15-9272-3871657CE654}.RelWithDebInfo|Win32.Build.0 = RelWithDebInfo|Win32
		{685C3433-556E-3FC0-A48B-CDCE931A02DF}.Debug|Win32.ActiveCfg = Debug|Win32
		{685C3433-556E-3FC0-A48B-CDCE931A02DF}.Debug|Win32.Build.0 = Debug|Win32
		{685C3433-556E-3FC0-A48B-CDCE931A02DF}.Release|Win32.ActiveCfg = Release|Win32
		{685C3433-556E-3FC0-A48B-CDCE931A02DF}.Release|Win32.Build.0 = Release|Win32
		{685C3433-556E-3FC0-A48B-CDCE931A02DF}.MinSizeRel|Win32.ActiveCfg = MinSizeRel|Win32
		{685C3433-556E-3FC0-A48B-CDCE931A02DF}.MinSizeRel|Win32.Build.0 = MinSizeRel|Win32
		{685C3433-556E-3FC0-A48B-CDCE931A02DF}.RelWithDebInfo|Win32.ActiveCfg = RelWithDebInfo|Win32
		{685C3433-556E-3FC0-A48B-CDCE931A02DF}.RelWithDebInfo|Win32.Build.0 = RelWithDebInfo|Win32
		{06C7E859-1239-391C-9C15-95462EE5EFB1}.Debug|Win32.ActiveCfg = Debug|Win32
		{06C7E859-1239-391C-9C15-95462EE5EFB1}.Debug|Win32.Build.0 = Debug|Win32
		{06C7E859-1239-391C-9C15-95462EE5EFB1}.Release|Win32.ActiveCfg = Release|Win32
		{06C7E859-1239-391C-9C15-95462EE5EFB1}.Release|Win32.Build.0 = Release|Win32
		{06C7E859-1239-391C-9C15-95462EE5EFB1}.MinSizeRel|Win32.ActiveCfg = MinSizeRel|Win32
		{06C7E859-1239-391C-9C15-95462EE5EFB1}.MinSizeRel|Win32.Build.0 = MinSizeRel|Win32
		{06C7E859-1239-391C-9C15-95462EE5EFB1}.RelWithDebInfo|Win32.ActiveCfg = RelWithDebInfo|Win32
		{06C7E859-1239-391C-9C15-95462EE5EFB1}.RelWithDebInfo|Win32.Build.0 = RelWithDebInfo|Win32
		{DAC18F3D-263E-3674-B2CE-DD78E5DFACDA}.Debug|Win32.ActiveCfg = Debug|Win32
		{DAC18F3D-263E-3674-B2CE-DD78E5DFACDA}.Debug|Win32.Build.0 = Debug|Win32
		{DAC18F3D-263E-3674-B2CE-DD78E5DFACDA}.Release|Win32.ActiveCfg = Release|Win32
		{DAC18F3D-263E-3674-B2CE-DD78E5DFACDA}.Release|Win32.Build.0 = Release|Win32
		{DAC18F3D-263E-3674-B2CE-DD78E5DFACDA}.MinSizeRel|Win32.ActiveCfg = MinSizeRel|Win32
		{DAC18F3D-263E-3674-B2CE-DD78E5DFACDA}.MinSizeRel|Win32.Build.0 = MinSizeRel|Win32
		{DAC18F3D-263E-3674-B2CE-DD78E5DFACDA}.RelWithDebInfo|Win32.ActiveCfg = RelWithDebInfo|Win32
		{DAC18F3D-263E-3674-B2CE-DD78E5DFACDA}.RelWithDebInfo|Win32.Build.0 = RelWithDebInfo|Win32
		{EB2296A6-D9BD-339C-A17A-26EC54A6E0D4}.Debug|Win32.ActiveCfg = Debug|Win32
		{EB2296A6-D9BD-339C-A17A-26EC54A6E0D4}.Debug|Win32.Build.0 = Debug|Win32
		{EB2296A6-D9BD-339C-A17A-26EC54A6E0D4}.Release|Win32.ActiveCfg = Release|Win32
		{EB2296A6-D9BD-339C-A17A-26EC54A6E0D4}.Release|Win32.Build.0 = Release|Win32
		{EB2296A6-D9BD-339C-A17A-26EC54A6E0D4}.MinSizeRel|Win32.ActiveCfg = MinSizeRel|Win32
		{EB2296A6-D9BD-339C-A17A-26EC54A6E0D4}.MinSizeRel|Win32.Build.0 = MinSizeRel|Win32
		{EB2296A6-D9BD-339C-A17A-26EC54A6E0D4}.RelWithDebInfo|Win32.ActiveCfg = RelWithDebInfo|Win32
		{EB2296A6-D9BD-339C-A17A-26EC54A6E0D4}.RelWithDebInfo|Win32.Build.0 = RelWithDebInfo|Win32
		{607D40FF-F341-3F30-B930-84C957922AAD}.Debug|Win32.ActiveCfg = Debug|Win32
		{607D40FF-F341-3F30-B930-84C957922AAD}.Debug|Win32.Build.0 = Debug|Win32
		{607D40FF-F341-3F30-B930-84C957922AAD}.Release|Win32.ActiveCfg = Release|Win32
		{607D40FF-F341-3F30-B930-84C957922AAD}.Release|Win32.Build.0 = Release|Win32
		{607D40FF-F341-3F30-B930-84C957922AAD}.MinSizeRel|Win32.ActiveCfg = MinSizeRel|Win32
		{607D40FF-F341-3F30-B930-84C957922AAD}.MinSizeRel|Win32.Build.0 = MinSizeRel|Win32
		{607D40FF-F341-3F30-B930-84C957922AAD}.RelWithDebInfo|Win32.ActiveCfg = RelWithDebInfo|Win32
		{607D40FF-F341-3F30-B930-84C957922AAD}.RelWithDebInfo|Win32.Build.0 = RelWithDebInfo|Win32
		{6D5AEFD5-889B-383D-BE61-97B69B2BEF35}.Debug|Win32.ActiveCfg = Debug|Win32
		{6D5AEFD5-889B-383D-BE61-97B69B2BEF35}.Debug|Win32.Build.0 = Debug|Win32
		{6D5AEFD5-889B-383D-BE61-97B69B2BEF35}.Release|Win32.ActiveCfg = Release|Win32
		{6D5AEFD5-889B-383D-BE61-97B69B2BEF35}.Release|Win32.Build.0 = Release|Win32
		{6D5AEFD5-889B-383D-BE61-97B69B2BEF35}.MinSizeRel|Win32.ActiveCfg = MinSizeRel|Win32
		{6D5AEFD5-889B-383D-BE61-97B69B2BEF35}.MinSizeRel|Win32.Build.0 = MinSizeRel|Win32
		{6D5AEFD5-889B-383D-BE61-97B69B2BEF35}.RelWithDebInfo|Win32.ActiveCfg = RelWithDebInfo|Win32
		{6D5AEFD5-889B-383D-BE61-97B69B2BEF35}.RelWithDebInfo|Win32.Build.0 = RelWithDebInfo|Win32
		{5D952D72-459D-3941-B397-71369E4220A0}.Debug|Win32.ActiveCfg = Debug|Win32
		{5D952D72-459D-3941-B397-71369E4220A0}.Debug|Win32.Build.0 = Debug|Win32
		{5D952D72-459D-3941-B397-71369E4220A0}.Release|Win32.ActiveCfg = Release|Win32
		{5D952D72-459D-3941-B397-71369E4220A0}.Release|Win32.Build.0 = Release|Win32
		{5D952D72-459D-3941-B397-71369E4220A0}.MinSizeRel|Win32.ActiveCfg = MinSizeRel|Win32
		{5D952D72-459D-3941-B397-71369E4220A0}.MinSizeRel|Win32.Build.0 = MinSizeRel|Win32
		{5D952D72-459D-3941-B397-71369E4220A0}.RelWithDebInfo|Win32.ActiveCfg = RelWithDebInfo|Win32
		{5D952D72-459D-3941-B397-71369E4220A0}.RelWithDebInfo|Win32.Build.0 = RelWithDebInfo|Win32
		{711FB012-7222-3A26-A7D8-16BDF5A66BBC}.Debug|Win32.ActiveCfg = Debug|Win32
		{711FB012-7222-3A26-A7D8-16BDF5A66BBC}.Debug|Win32.Build.0 = Debug|Win32
		{711FB012-7222-3A26-A7D8-16BDF5A66BBC}.Release|Win32.ActiveCfg = Release|Win32
		{711FB012-7222-3A26-A7D8-16BDF5A66BBC}.Release|Win32.Build.0 = Release|Win32
		{711FB012-7222-3A26-A7D8-16BDF5A66BBC}.MinSizeRel|Win32.ActiveCfg = MinSizeRel|Win32
		{711FB012-7222-3A26-A7D8-16BDF5A66BBC}.MinSizeRel|Win32.Build.0 = MinSizeRel|Win32
		{711FB012-7222-3A26-A7D8-16BDF5A66BBC}.RelWithDebInfo|Win32.ActiveCfg = RelWithDebInfo|Win32
		{711FB012-7222-3A26-A7D8-16BDF5A66BBC}.RelWithDebInfo|Win32.Build.0 = RelWithDebInfo|Win32
		{EC797161-11FC-358A-805B-99277AF74C4F}.Debug|Win32.ActiveCfg = Debug|Win32
		{EC797161-11FC-358A-805B-99277AF74C4F}.Debug|Win32.Build.0 = Debug|Win32
		{EC797161-11FC-358A-805B-99277AF74C4F}.Release|Win32.ActiveCfg = Release|Win32
		{EC797161-11FC-358A-805B-99277AF74C4F}.Release|Win32.Build.0 = Release|Win32
		{EC797161-11FC-358A-805B-99277AF74C4F}.MinSizeRel|Win32.ActiveCfg = MinSizeRel|Win32
		{EC797161-11FC-358A-805B-99277AF74C4F}.MinSizeRel|Win32.Build.0 = MinSizeRel|Win32
		{EC797161-11FC-358A-805B-99277AF74C4F}.RelWithDebInfo|Win32.ActiveCfg = RelWithDebInfo|Win32
		{EC797161-11FC-358A-805B-99277AF74C4F}.RelWithDebInfo|Win32.Build.0 = RelWithDebInfo|Win32
		{2F2559B0-E4B0-30C7-9D99-055401A24613}.Debug|Win32.ActiveCfg = Debug|Win32
		{2F2559B0-E4B0-30C7-9D99-055401A24613}.Debug|Win32.Build.0 = Debug|Win32
		{2F2559B0-E4B0-30C7-9D99-055401A24613}.Release|Win32.ActiveCfg = Release|Win32
		{2F2559B0-E4B0-30C7-9D99-055401A24613}.Release|Win32.Build.0 = Release|Win32
		{2F2559B0-E4B0-30C7-9D99-055401A24613}.MinSizeRel|Win32.ActiveCfg = MinSizeRel|Win32
		{2F2559B0-E4B0-30C7-9D99-055401A24613}.MinSizeRel|Win32.Build.0 = MinSizeRel|Win32
		{2F2559B0-E4B0-30C7-9D99-055401A24613}.RelWithDebInfo|Win32.ActiveCfg = RelWithDebInfo|Win32
		{2F2559B0-E4B0-30C7-9D99-055401A24613}.RelWithDebInfo|Win32.Build.0 = RelWithDebInfo|Win32
		{40F9461A-505A-39CF-9E14-DC91E09FF298}.Debug|Win32.ActiveCfg = Debug|Win32
		{40F9461A-505A-39CF-9E14-DC91E09FF298}.Debug|Win32.Build.0 = Debug|Win32
		{40F9461A-505A-39CF-9E14-DC91E09FF298}.Release|Win32.ActiveCfg = Release|Win32
		{40F9461A-505A-39CF-9E14-DC91E09FF298}.Release|Win32.Build.0 = Release|Win32
		{40F9461A-505A-39CF-9E14-DC91E09FF298}.MinSizeRel|Win32.ActiveCfg = MinSizeRel|Win32
		{40F9461A-505A-39CF-9E14-DC91E09FF298}.MinSizeRel|Win32.Build.0 = MinSizeRel|Win32
		{40F9461A-505A-39CF-9E14-DC91E09FF298}.RelWithDebInfo|Win32.ActiveCfg = RelWithDebInfo|Win32
		{40F9461A-505A-39CF-9E14-DC91E09FF298}.RelWithDebInfo|Win32.Build.0 = RelWithDebInfo|Win32
		{C952EA0B-209C-3F8B-BC83-2C68FC5B65F6}.Debug|Win32.ActiveCfg = Debug|Win32
		{C952EA0B-209C-3F8B-BC83-2C68FC5B65F6}.Debug|Win32.Build.0 = Debug|Win32
		{C952EA0B-209C-3F8B-BC83-2C68FC5B65F6}.Release|Win32.ActiveCfg = Release|Win32
		{C952EA0B-209C-3F8B-BC83-2C68FC5B65F6}.Release|Win32.Build.0 = Release|Win32
		{C952EA0B-209C-3F8B-BC83-2C68FC5B65F6}.MinSizeRel|Win32.ActiveCfg = MinSizeRel|Win32
		{C952EA0B-209C-3F8B-BC83-2C68FC5B65F6}.MinSizeRel|Win32.Build.0 = MinSizeRel|Win32
		{C952EA0B-209C-3F8B-BC83-2C68FC5B65F6}.RelWithDebInfo|Win32.ActiveCfg = RelWithDebInfo|Win32
		{C952EA0B-209C-3F8B-BC83-2C68FC5B65F6}.RelWithDebInfo|Win32.Build.0 = RelWithDebInfo|Win32
		{EB813AE6-111F-39DA-AD72-1B67D3060335}.Debug|Win32.ActiveCfg = Debug|Win32
		{EB813AE6-111F-39DA-AD72-1B67D3060335}.Debug|Win32.Build.0 = Debug|Win32
		{EB813AE6-111F-39DA-AD72-1B67D3060335}.Release|Win32.ActiveCfg = Release|Win32
		{EB813AE6-111F-39DA-AD72-1B67D3060335}.Release|Win32.Build.0 = Release|Win32
		{EB813AE6-111F-39DA-AD72-1B67D3060335}.MinSizeRel|Win32.ActiveCfg = MinSizeRel|Win32
		{EB813AE6-111F-39DA-AD72-1B67D3060335}.MinSizeRel|Win32.Build.0 = MinSizeRel|Win32
		{EB813AE6-111F-39DA-AD72-1B67D3060335}.RelWithDebInfo|Win32.ActiveCfg = RelWithDebInfo|Win32
		{EB813AE6-111F-39DA-AD72-1B67D3060335}.RelWithDebInfo|Win32.Build.0 = RelWithDebInfo|Win32
		{0E7FE568-CE0E-3D19-99E3-75ACEA2CCD29}.Debug|Win32.ActiveCfg = Debug|Win32
		{0E7FE568-CE0E-3D19-99E3-75ACEA2CCD29}.Debug|Win32.Build.0 = Debug|Win32
		{0E7FE568-CE0E-3D19-99E3-75ACEA2CCD29}.Release|Win32.ActiveCfg = Release|Win32
		{0E7FE568-CE0E-3D19-99E3-75ACEA2CCD29}.Release|Win32.Build.0 = Release|Win32
		{0E7FE568-CE0E-3D19-99E3-75ACEA2CCD29}.MinSizeRel|Win32.ActiveCfg = MinSizeRel|Win32
		{0E7FE568-CE0E-3D19-99E3-75ACEA2CCD29}.MinSizeRel|Win32.Build.0 = MinSizeRel|Win32
		{0E7FE568-CE0E-3D19-99E3-75ACEA2CCD29}.RelWithDebInfo|Win32.ActiveCfg = RelWithDebInfo|Win32
		{0E7FE568-CE0E-3D19-99E3-75ACEA2CCD29}.RelWithDebInfo|Win32.Build.0 = RelWithDebInfo|Win32
		{AE2EE393-8130-3414-AA4F-BB27F6137A5F}.Debug|Win32.ActiveCfg = Debug|Win32
		{AE2EE393-8130-3414-AA4F-BB27F6137A5F}.Debug|Win32.Build.0 = Debug|Win32
		{AE2EE393-8130-3414-AA4F-BB27F6137A5F}.Release|Win32.ActiveCfg = Release|Win32
		{AE2EE393-8130-3414-AA4F-BB27F6137A5F}.Release|Win32.Build.0 = Release|Win32
		{AE2EE393-8130-3414-AA4F-BB27F6137A5F}.MinSizeRel|Win32.ActiveCfg = MinSizeRel|Win32
		{AE2EE393-8130-3414-AA4F-BB27F6137A5F}.MinSizeRel|Win32.Build.0 = MinSizeRel|Win32
		{AE2EE393-8130-3414-AA4F-BB27F6137A5F}.RelWithDebInfo|Win32.ActiveCfg = RelWithDebInfo|Win32
		{AE2EE393-8130-3414-AA4F-BB27F6137A5F}.RelWithDebInfo|Win32.Build.0 = RelWithDebInfo|Win32
		{DDF680C0-0863-3BC6-B3E9-82030C567E87}.Debug|Win32.ActiveCfg = Debug|Win32
		{DDF680C0-0863-3BC6-B3E9-82030C567E87}.Debug|Win32.Build.0 = Debug|Win32
		{DDF680C0-0863-3BC6-B3E9-82030C567E87}.Release|Win32.ActiveCfg = Release|Win32
		{DDF680C0-0863-3BC6-B3E9-82030C567E87}.Release|Win32.Build.0 = Release|Win32
		{DDF680C0-0863-3BC6-B3E9-82030C567E87}.MinSizeRel|Win32.ActiveCfg = MinSizeRel|Win32
		{DDF680C0-0863-3BC6-B3E9-82030C567E87}.MinSizeRel|Win32.Build.0 = MinSizeRel|Win32
		{DDF680C0-0863-3BC6-B3E9-82030C567E87}.RelWithDebInfo|Win32.ActiveCfg = RelWithDebInfo|Win32
		{DDF680C0-0863-3BC6-B3E9-82030C567E87}.RelWithDebInfo|Win32.Build.0 = RelWithDebInfo|Win32
		{FCB89964-4928-3EEB-BFBB-2E9F2922D44E}.Debug|Win32.ActiveCfg = Debug|Win32
		{FCB89964-4928-3EEB-BFBB-2E9F2922D44E}.Debug|Win32.Build.0 = Debug|Win32
		{FCB89964-4928-3EEB-BFBB-2E9F2922D44E}.Release|Win32.ActiveCfg = Release|Win32
		{FCB89964-4928-3EEB-BFBB-2E9F2922D44E}.Release|Win32.Build.0 = Release|Win32
		{FCB89964-4928-3EEB-BFBB-2E9F2922D44E}.MinSizeRel|Win32.ActiveCfg = MinSizeRel|Win32
		{FCB89964-4928-3EEB-BFBB-2E9F2922D44E}.MinSizeRel|Win32.Build.0 = MinSizeRel|Win32
		{FCB89964-4928-3EEB-BFBB-2E9F2922D44E}.RelWithDebInfo|Win32.ActiveCfg = RelWithDebInfo|Win32
		{FCB89964-4928-3EEB-BFBB-2E9F2922D44E}.RelWithDebInfo|Win32.Build.0 = RelWithDebInfo|Win32
	EndGlobalSection
	GlobalSection(ExtensibilityGlobals) = postSolution
	EndGlobalSection
	GlobalSection(ExtensibilityAddIns) = postSolution
	EndGlobalSection
EndGlobal
