<?xml version="1.0" encoding="UTF-8"?>
<Project ToolsVersion="14.0" xmlns="http://schemas.microsoft.com/developer/msbuild/2003">
  <ItemGroup>
    <CustomBuild Include="C:\SVN\Github\YapingXin\saturn-gui-lib-workshop\trunk\Lib\FreeGLUT\freeglut-code-1792-tags-FG_3_0_0\msvc\CMakeFiles\80014283d22b9839403d40fd034859f4\generate.stamp.rule">
      <Filter>CMake Rules</Filter>
    </CustomBuild>
  </ItemGroup>
  <ItemGroup>
    <Filter Include="CMake Rules">
      <UniqueIdentifier>{37C022F4-8D13-33A0-932E-35F95A5A9B15}</UniqueIdentifier>
    </Filter>
  </ItemGroup>
</Project>
